
Microsoft Visual Studio Solution File, Format Version 12.00
# Visual Studio Version 17
VisualStudioVersion = 17.10.35122.118
MinimumVisualStudioVersion = 10.0.40219.1
Project("{FAE04EC0-301F-11D3-BF4B-00C04F79EFBC}") = "SistemaGestionInventario.", "..\SistemaGestionInventario\SistemaGestionInventario..csproj", "{5BD35B47-1166-419D-B241-1D5814A2F0BA}"
EndProject
Global
	GlobalSection(SolutionConfigurationPlatforms) = preSolution
		Debug|Any CPU = Debug|Any CPU
		Release|Any CPU = Release|Any CPU
	EndGlobalSection
	GlobalSection(ProjectConfigurationPlatforms) = postSolution
		{5BD35B47-1166-419D-B241-1D5814A2F0BA}.Debug|Any CPU.ActiveCfg = Debug|Any CPU
		{5BD35B47-1166-419D-B241-1D5814A2F0BA}.Debug|Any CPU.Build.0 = Debug|Any CPU
		{5BD35B47-1166-419D-B241-1D5814A2F0BA}.Release|Any CPU.ActiveCfg = Release|Any CPU
		{5BD35B47-1166-419D-B241-1D5814A2F0BA}.Release|Any CPU.Build.0 = Release|Any CPU
	EndGlobalSection
	GlobalSection(SolutionProperties) = preSolution
		HideSolutionNode = FALSE
	EndGlobalSection
	GlobalSection(ExtensibilityGlobals) = postSolution
		SolutionGuid = {AF37EE87-3577-4C63-B4C3-4214D4C6CA71}
	EndGlobalSection
EndGlobal
